// !$*UTF8*$!
{
	archiveVersion = 1;
	classes = {
	};
	objectVersion = 52;
	objects = {

/* Begin PBXBuildFile section */
		65E538FCB73D33E9127065D0 /* Pods_iTask.framework in Frameworks */ = {isa = PBXBuildFile; fileRef = 5B8EB7DD98E9ADE32770AE4C /* Pods_iTask.framework */; };
		A1108F4924913FAA00066826 /* NavigationConfigurator.swift in Sources */ = {isa = PBXBuildFile; fileRef = A1108F4824913FAA00066826 /* NavigationConfigurator.swift */; };
		A145AEED24813C31005047D4 /* AktuellFirstView.swift in Sources */ = {isa = PBXBuildFile; fileRef = A145AEEC24813C31005047D4 /* AktuellFirstView.swift */; };
		A145AEEF2481428D005047D4 /* AufgabeDetail.swift in Sources */ = {isa = PBXBuildFile; fileRef = A145AEEE2481428D005047D4 /* AufgabeDetail.swift */; };
		A145AEF1248144C9005047D4 /* AktuellSecondView.swift in Sources */ = {isa = PBXBuildFile; fileRef = A145AEF0248144C9005047D4 /* AktuellSecondView.swift */; };
		A18260E724AE5BC60027C027 /* SwiftUIX in Frameworks */ = {isa = PBXBuildFile; productRef = A18260E624AE5BC60027C027 /* SwiftUIX */; };
		A191207C24B1FF9400B8A073 /* PlaySound.swift in Sources */ = {isa = PBXBuildFile; fileRef = A191207B24B1FF9400B8A073 /* PlaySound.swift */; };
		A191207E24B1FFE300B8A073 /* applause.mp3 in Resources */ = {isa = PBXBuildFile; fileRef = A191207D24B1FFE300B8A073 /* applause.mp3 */; };
		A191208324B20C9800B8A073 /* Confetti.swift in Sources */ = {isa = PBXBuildFile; fileRef = A191208224B20C9800B8A073 /* Confetti.swift */; };
		A191208724B20E1100B8A073 /* ParticlesEmitter.swift in Sources */ = {isa = PBXBuildFile; fileRef = A191208624B20E1100B8A073 /* ParticlesEmitter.swift */; };
		A1959E0E2483F21F00B6B12E /* Additives_diagramm.swift in Sources */ = {isa = PBXBuildFile; fileRef = A1959E0D2483F21F00B6B12E /* Additives_diagramm.swift */; };
		B90A8841247DD7D600B59892 /* AppDelegate.swift in Sources */ = {isa = PBXBuildFile; fileRef = B90A8840247DD7D600B59892 /* AppDelegate.swift */; };
		B90A8843247DD7D600B59892 /* SceneDelegate.swift in Sources */ = {isa = PBXBuildFile; fileRef = B90A8842247DD7D600B59892 /* SceneDelegate.swift */; };
		B90A8846247DD7D600B59892 /* iTask.xcdatamodeld in Sources */ = {isa = PBXBuildFile; fileRef = B90A8844247DD7D600B59892 /* iTask.xcdatamodeld */; };
		B90A8848247DD7D600B59892 /* ContentView.swift in Sources */ = {isa = PBXBuildFile; fileRef = B90A8847247DD7D600B59892 /* ContentView.swift */; };
		B90A884A247DD7D800B59892 /* Assets.xcassets in Resources */ = {isa = PBXBuildFile; fileRef = B90A8849247DD7D800B59892 /* Assets.xcassets */; };
		B90A884D247DD7D800B59892 /* Preview Assets.xcassets in Resources */ = {isa = PBXBuildFile; fileRef = B90A884C247DD7D800B59892 /* Preview Assets.xcassets */; };
		B90A8850247DD7D800B59892 /* LaunchScreen.storyboard in Resources */ = {isa = PBXBuildFile; fileRef = B90A884E247DD7D800B59892 /* LaunchScreen.storyboard */; };
		B91275E024890AF200C5FF6F /* .gitignore in Resources */ = {isa = PBXBuildFile; fileRef = B91275DF24890AF200C5FF6F /* .gitignore */; };
		B9543EE52488FA49006F75BD /* FirebaseFunctions.swift in Sources */ = {isa = PBXBuildFile; fileRef = B9543EE42488FA49006F75BD /* FirebaseFunctions.swift */; };
		B9543EE72488FA5B006F75BD /* CoreDataFunctions.swift in Sources */ = {isa = PBXBuildFile; fileRef = B9543EE62488FA5B006F75BD /* CoreDataFunctions.swift */; };
		B9543EEA2488FAE0006F75BD /* UserModel.swift in Sources */ = {isa = PBXBuildFile; fileRef = B9543EE92488FAE0006F75BD /* UserModel.swift */; };
		B9568C2D24892464005E6DD8 /* AufgabeModel.swift in Sources */ = {isa = PBXBuildFile; fileRef = B9568C2C24892464005E6DD8 /* AufgabeModel.swift */; };
		B96E0B5724A9004D00FE93C7 /* GoogleService-Info.plist in Resources */ = {isa = PBXBuildFile; fileRef = B96E0B5624A9004D00FE93C7 /* GoogleService-Info.plist */; };
		B975D09E24B4B50A00F7833F /* plop.mp3 in Resources */ = {isa = PBXBuildFile; fileRef = B975D09D24B4B50A00F7833F /* plop.mp3 */; };
		B984C1712490046B00147A71 /* Register.swift in Sources */ = {isa = PBXBuildFile; fileRef = B984C1702490046B00147A71 /* Register.swift */; };
		B9A720E8249C202C00488233 /* Loading.swift in Sources */ = {isa = PBXBuildFile; fileRef = B9A720E7249C202C00488233 /* Loading.swift */; };
		B9CC722C24AA386000608C07 /* GlobalFunctions.swift in Sources */ = {isa = PBXBuildFile; fileRef = B9CC722B24AA386000608C07 /* GlobalFunctions.swift */; };
		E9475409248038380039B853 /* HeuteView.swift in Sources */ = {isa = PBXBuildFile; fileRef = E9475408248038380039B853 /* HeuteView.swift */; };
		E947540B2480384D0039B853 /* UebersichtView.swift in Sources */ = {isa = PBXBuildFile; fileRef = E947540A2480384D0039B853 /* UebersichtView.swift */; };
		E947540D248038610039B853 /* FreundeView.swift in Sources */ = {isa = PBXBuildFile; fileRef = E947540C248038610039B853 /* FreundeView.swift */; };
		E947540F2480386F0039B853 /* EinstellungenView.swift in Sources */ = {isa = PBXBuildFile; fileRef = E947540E2480386F0039B853 /* EinstellungenView.swift */; };
		E98953232483B754008093D0 /* Einstellungen.swift in Sources */ = {isa = PBXBuildFile; fileRef = E98953222483B753008093D0 /* Einstellungen.swift */; };
		E9DA9B44248BC79500D5C0F8 /* ImpressumWebview.swift in Sources */ = {isa = PBXBuildFile; fileRef = E9DA9B43248BC79500D5C0F8 /* ImpressumWebview.swift */; };
		E9DA9B46248BC7A700D5C0F8 /* DatenschutzWebview.swift in Sources */ = {isa = PBXBuildFile; fileRef = E9DA9B45248BC7A700D5C0F8 /* DatenschutzWebview.swift */; };
		E9DA9B48248BC7BE00D5C0F8 /* AufgabeEinreichenView.swift in Sources */ = {isa = PBXBuildFile; fileRef = E9DA9B47248BC7BE00D5C0F8 /* AufgabeEinreichenView.swift */; };
		E9DA9B4A248F8CC900D5C0F8 /* FreundeHinzufuegenView.swift in Sources */ = {isa = PBXBuildFile; fileRef = E9DA9B49248F8CC800D5C0F8 /* FreundeHinzufuegenView.swift */; };
/* End PBXBuildFile section */

/* Begin PBXFileReference section */
		039DB532E2CB9C2B302ABF6A /* Pods-iTask.debug.xcconfig */ = {isa = PBXFileReference; includeInIndex = 1; lastKnownFileType = text.xcconfig; name = "Pods-iTask.debug.xcconfig"; path = "Target Support Files/Pods-iTask/Pods-iTask.debug.xcconfig"; sourceTree = "<group>"; };
		1471ECE6FBE9FFD546B40A2E /* Pods-iTask.release.xcconfig */ = {isa = PBXFileReference; includeInIndex = 1; lastKnownFileType = text.xcconfig; name = "Pods-iTask.release.xcconfig"; path = "Target Support Files/Pods-iTask/Pods-iTask.release.xcconfig"; sourceTree = "<group>"; };
		5B8EB7DD98E9ADE32770AE4C /* Pods_iTask.framework */ = {isa = PBXFileReference; explicitFileType = wrapper.framework; includeInIndex = 0; path = Pods_iTask.framework; sourceTree = BUILT_PRODUCTS_DIR; };
		A1108F4824913FAA00066826 /* NavigationConfigurator.swift */ = {isa = PBXFileReference; lastKnownFileType = sourcecode.swift; path = NavigationConfigurator.swift; sourceTree = "<group>"; };
		A145AEEC24813C31005047D4 /* AktuellFirstView.swift */ = {isa = PBXFileReference; lastKnownFileType = sourcecode.swift; path = AktuellFirstView.swift; sourceTree = "<group>"; };
		A145AEEE2481428D005047D4 /* AufgabeDetail.swift */ = {isa = PBXFileReference; lastKnownFileType = sourcecode.swift; path = AufgabeDetail.swift; sourceTree = "<group>"; };
		A145AEF0248144C9005047D4 /* AktuellSecondView.swift */ = {isa = PBXFileReference; lastKnownFileType = sourcecode.swift; path = AktuellSecondView.swift; sourceTree = "<group>"; };
		A191207B24B1FF9400B8A073 /* PlaySound.swift */ = {isa = PBXFileReference; lastKnownFileType = sourcecode.swift; path = PlaySound.swift; sourceTree = "<group>"; };
		A191207D24B1FFE300B8A073 /* applause.mp3 */ = {isa = PBXFileReference; lastKnownFileType = audio.mp3; path = applause.mp3; sourceTree = "<group>"; };
		A191208224B20C9800B8A073 /* Confetti.swift */ = {isa = PBXFileReference; lastKnownFileType = sourcecode.swift; path = Confetti.swift; sourceTree = "<group>"; };
		A191208624B20E1100B8A073 /* ParticlesEmitter.swift */ = {isa = PBXFileReference; fileEncoding = 4; lastKnownFileType = sourcecode.swift; path = ParticlesEmitter.swift; sourceTree = "<group>"; };
		A1959E0D2483F21F00B6B12E /* Additives_diagramm.swift */ = {isa = PBXFileReference; lastKnownFileType = sourcecode.swift; path = Additives_diagramm.swift; sourceTree = "<group>"; };
		B90A883D247DD7D600B59892 /* DoDay.app */ = {isa = PBXFileReference; explicitFileType = wrapper.application; includeInIndex = 0; path = DoDay.app; sourceTree = BUILT_PRODUCTS_DIR; };
		B90A8840247DD7D600B59892 /* AppDelegate.swift */ = {isa = PBXFileReference; lastKnownFileType = sourcecode.swift; path = AppDelegate.swift; sourceTree = "<group>"; };
		B90A8842247DD7D600B59892 /* SceneDelegate.swift */ = {isa = PBXFileReference; lastKnownFileType = sourcecode.swift; path = SceneDelegate.swift; sourceTree = "<group>"; };
		B90A8845247DD7D600B59892 /* iTask.xcdatamodel */ = {isa = PBXFileReference; lastKnownFileType = wrapper.xcdatamodel; path = iTask.xcdatamodel; sourceTree = "<group>"; };
		B90A8847247DD7D600B59892 /* ContentView.swift */ = {isa = PBXFileReference; lastKnownFileType = sourcecode.swift; path = ContentView.swift; sourceTree = "<group>"; };
		B90A8849247DD7D800B59892 /* Assets.xcassets */ = {isa = PBXFileReference; lastKnownFileType = folder.assetcatalog; path = Assets.xcassets; sourceTree = "<group>"; };
		B90A884C247DD7D800B59892 /* Preview Assets.xcassets */ = {isa = PBXFileReference; lastKnownFileType = folder.assetcatalog; path = "Preview Assets.xcassets"; sourceTree = "<group>"; };
		B90A884F247DD7D800B59892 /* Base */ = {isa = PBXFileReference; lastKnownFileType = file.storyboard; name = Base; path = Base.lproj/LaunchScreen.storyboard; sourceTree = "<group>"; };
		B90A8851247DD7D800B59892 /* Info.plist */ = {isa = PBXFileReference; lastKnownFileType = text.plist.xml; path = Info.plist; sourceTree = "<group>"; };
		B91275DF24890AF200C5FF6F /* .gitignore */ = {isa = PBXFileReference; fileEncoding = 4; lastKnownFileType = text; path = .gitignore; sourceTree = "<group>"; };
		B9543EE42488FA49006F75BD /* FirebaseFunctions.swift */ = {isa = PBXFileReference; lastKnownFileType = sourcecode.swift; path = FirebaseFunctions.swift; sourceTree = "<group>"; };
		B9543EE62488FA5B006F75BD /* CoreDataFunctions.swift */ = {isa = PBXFileReference; lastKnownFileType = sourcecode.swift; path = CoreDataFunctions.swift; sourceTree = "<group>"; };
		B9543EE92488FAE0006F75BD /* UserModel.swift */ = {isa = PBXFileReference; lastKnownFileType = sourcecode.swift; path = UserModel.swift; sourceTree = "<group>"; };
		B9568C2C24892464005E6DD8 /* AufgabeModel.swift */ = {isa = PBXFileReference; fileEncoding = 4; lastKnownFileType = sourcecode.swift; path = AufgabeModel.swift; sourceTree = "<group>"; };
		B96E0B5624A9004D00FE93C7 /* GoogleService-Info.plist */ = {isa = PBXFileReference; fileEncoding = 4; lastKnownFileType = text.plist.xml; path = "GoogleService-Info.plist"; sourceTree = "<group>"; };
		B975D09D24B4B50A00F7833F /* plop.mp3 */ = {isa = PBXFileReference; lastKnownFileType = audio.mp3; path = plop.mp3; sourceTree = "<group>"; };
		B984C1702490046B00147A71 /* Register.swift */ = {isa = PBXFileReference; fileEncoding = 4; lastKnownFileType = sourcecode.swift; path = Register.swift; sourceTree = "<group>"; };
		B9A720E7249C202C00488233 /* Loading.swift */ = {isa = PBXFileReference; lastKnownFileType = sourcecode.swift; path = Loading.swift; sourceTree = "<group>"; };
		B9CC722B24AA386000608C07 /* GlobalFunctions.swift */ = {isa = PBXFileReference; lastKnownFileType = sourcecode.swift; path = GlobalFunctions.swift; sourceTree = "<group>"; };
		E9475408248038380039B853 /* HeuteView.swift */ = {isa = PBXFileReference; lastKnownFileType = sourcecode.swift; path = HeuteView.swift; sourceTree = "<group>"; };
		E947540A2480384D0039B853 /* UebersichtView.swift */ = {isa = PBXFileReference; lastKnownFileType = sourcecode.swift; path = UebersichtView.swift; sourceTree = "<group>"; };
		E947540C248038610039B853 /* FreundeView.swift */ = {isa = PBXFileReference; lastKnownFileType = sourcecode.swift; path = FreundeView.swift; sourceTree = "<group>"; };
		E947540E2480386F0039B853 /* EinstellungenView.swift */ = {isa = PBXFileReference; lastKnownFileType = sourcecode.swift; path = EinstellungenView.swift; sourceTree = "<group>"; };
		E98953222483B753008093D0 /* Einstellungen.swift */ = {isa = PBXFileReference; lastKnownFileType = sourcecode.swift; path = Einstellungen.swift; sourceTree = "<group>"; };
		E9DA9B43248BC79500D5C0F8 /* ImpressumWebview.swift */ = {isa = PBXFileReference; lastKnownFileType = sourcecode.swift; path = ImpressumWebview.swift; sourceTree = "<group>"; };
		E9DA9B45248BC7A700D5C0F8 /* DatenschutzWebview.swift */ = {isa = PBXFileReference; lastKnownFileType = sourcecode.swift; path = DatenschutzWebview.swift; sourceTree = "<group>"; };
		E9DA9B47248BC7BE00D5C0F8 /* AufgabeEinreichenView.swift */ = {isa = PBXFileReference; lastKnownFileType = sourcecode.swift; path = AufgabeEinreichenView.swift; sourceTree = "<group>"; };
		E9DA9B49248F8CC800D5C0F8 /* FreundeHinzufuegenView.swift */ = {isa = PBXFileReference; lastKnownFileType = sourcecode.swift; path = FreundeHinzufuegenView.swift; sourceTree = "<group>"; };
/* End PBXFileReference section */

/* Begin PBXFrameworksBuildPhase section */
		B90A883A247DD7D600B59892 /* Frameworks */ = {
			isa = PBXFrameworksBuildPhase;
			buildActionMask = 2147483647;
			files = (
				A18260E724AE5BC60027C027 /* SwiftUIX in Frameworks */,
				65E538FCB73D33E9127065D0 /* Pods_iTask.framework in Frameworks */,
			);
			runOnlyForDeploymentPostprocessing = 0;
		};
/* End PBXFrameworksBuildPhase section */

/* Begin PBXGroup section */
		9F97BF8AEFD81ADDEEF32ABB /* Pods */ = {
			isa = PBXGroup;
			children = (
				039DB532E2CB9C2B302ABF6A /* Pods-iTask.debug.xcconfig */,
				1471ECE6FBE9FFD546B40A2E /* Pods-iTask.release.xcconfig */,
			);
			path = Pods;
			sourceTree = "<group>";
		};
		A145AEEB24813C15005047D4 /* BodyViews */ = {
			isa = PBXGroup;
			children = (
				A145AEEC24813C31005047D4 /* AktuellFirstView.swift */,
				A145AEF0248144C9005047D4 /* AktuellSecondView.swift */,
				A145AEEE2481428D005047D4 /* AufgabeDetail.swift */,
				A1959E0D2483F21F00B6B12E /* Additives_diagramm.swift */,
				A1108F4824913FAA00066826 /* NavigationConfigurator.swift */,
			);
			path = BodyViews;
			sourceTree = "<group>";
		};
		A191207A24B1FF7000B8A073 /* Sound */ = {
			isa = PBXGroup;
			children = (
				B975D09D24B4B50A00F7833F /* plop.mp3 */,
				A191207D24B1FFE300B8A073 /* applause.mp3 */,
				A191207B24B1FF9400B8A073 /* PlaySound.swift */,
			);
			path = Sound;
			sourceTree = "<group>";
		};
		A191208124B20C7800B8A073 /* Confetti */ = {
			isa = PBXGroup;
			children = (
				A191208624B20E1100B8A073 /* ParticlesEmitter.swift */,
				A191208224B20C9800B8A073 /* Confetti.swift */,
			);
			path = Confetti;
			sourceTree = "<group>";
		};
		B0D3E8CC74F2A5D361183451 /* Frameworks */ = {
			isa = PBXGroup;
			children = (
				5B8EB7DD98E9ADE32770AE4C /* Pods_iTask.framework */,
			);
			name = Frameworks;
			sourceTree = "<group>";
		};
		B90A8834247DD7D600B59892 = {
			isa = PBXGroup;
			children = (
				B91275DF24890AF200C5FF6F /* .gitignore */,
				B90A883F247DD7D600B59892 /* iTask */,
				B90A883E247DD7D600B59892 /* Products */,
				9F97BF8AEFD81ADDEEF32ABB /* Pods */,
				B0D3E8CC74F2A5D361183451 /* Frameworks */,
			);
			sourceTree = "<group>";
		};
		B90A883E247DD7D600B59892 /* Products */ = {
			isa = PBXGroup;
			children = (
				B90A883D247DD7D600B59892 /* DoDay.app */,
			);
			name = Products;
			sourceTree = "<group>";
		};
		B90A883F247DD7D600B59892 /* iTask */ = {
			isa = PBXGroup;
			children = (
				A191208124B20C7800B8A073 /* Confetti */,
				A191207A24B1FF7000B8A073 /* Sound */,
				B979A0A524AB5EFC00862A20 /* InitViews */,
				B979A0A424AB5E9A00862A20 /* TabBar */,
				E9DA9B42248BC76A00D5C0F8 /* EinstellungenViews */,
				B9543EE82488FAC7006F75BD /* Models */,
				B9543EE32488F9E2006F75BD /* Services */,
				A145AEEB24813C15005047D4 /* BodyViews */,
				B90A8840247DD7D600B59892 /* AppDelegate.swift */,
				B90A8842247DD7D600B59892 /* SceneDelegate.swift */,
				E9DA9B49248F8CC800D5C0F8 /* FreundeHinzufuegenView.swift */,
				B90A884E247DD7D800B59892 /* LaunchScreen.storyboard */,
				E98953222483B753008093D0 /* Einstellungen.swift */,
				B90A8851247DD7D800B59892 /* Info.plist */,
				B96E0B5624A9004D00FE93C7 /* GoogleService-Info.plist */,
				B90A8844247DD7D600B59892 /* iTask.xcdatamodeld */,
				B90A8849247DD7D800B59892 /* Assets.xcassets */,
				B90A884B247DD7D800B59892 /* Preview Content */,
			);
			path = iTask;
			sourceTree = "<group>";
		};
		B90A884B247DD7D800B59892 /* Preview Content */ = {
			isa = PBXGroup;
			children = (
				B90A884C247DD7D800B59892 /* Preview Assets.xcassets */,
			);
			path = "Preview Content";
			sourceTree = "<group>";
		};
		B9543EE32488F9E2006F75BD /* Services */ = {
			isa = PBXGroup;
			children = (
				B9543EE42488FA49006F75BD /* FirebaseFunctions.swift */,
				B9543EE62488FA5B006F75BD /* CoreDataFunctions.swift */,
				B9CC722B24AA386000608C07 /* GlobalFunctions.swift */,
			);
			path = Services;
			sourceTree = "<group>";
		};
		B9543EE82488FAC7006F75BD /* Models */ = {
			isa = PBXGroup;
			children = (
				B9543EE92488FAE0006F75BD /* UserModel.swift */,
				B9568C2C24892464005E6DD8 /* AufgabeModel.swift */,
			);
			path = Models;
			sourceTree = "<group>";
		};
		B979A0A424AB5E9A00862A20 /* TabBar */ = {
			isa = PBXGroup;
			children = (
				E9475408248038380039B853 /* HeuteView.swift */,
				E947540A2480384D0039B853 /* UebersichtView.swift */,
				E947540C248038610039B853 /* FreundeView.swift */,
				E947540E2480386F0039B853 /* EinstellungenView.swift */,
			);
			path = TabBar;
			sourceTree = "<group>";
		};
		B979A0A524AB5EFC00862A20 /* InitViews */ = {
			isa = PBXGroup;
			children = (
				B90A8847247DD7D600B59892 /* ContentView.swift */,
				B984C1702490046B00147A71 /* Register.swift */,
				B9A720E7249C202C00488233 /* Loading.swift */,
			);
			path = InitViews;
			sourceTree = "<group>";
		};
		E9DA9B42248BC76A00D5C0F8 /* EinstellungenViews */ = {
			isa = PBXGroup;
			children = (
				E9DA9B43248BC79500D5C0F8 /* ImpressumWebview.swift */,
				E9DA9B45248BC7A700D5C0F8 /* DatenschutzWebview.swift */,
				E9DA9B47248BC7BE00D5C0F8 /* AufgabeEinreichenView.swift */,
			);
			path = EinstellungenViews;
			sourceTree = "<group>";
		};
/* End PBXGroup section */

/* Begin PBXNativeTarget section */
		B90A883C247DD7D600B59892 /* iTask */ = {
			isa = PBXNativeTarget;
			buildConfigurationList = B90A886A247DD7D800B59892 /* Build configuration list for PBXNativeTarget "iTask" */;
			buildPhases = (
				302BCD0EC0D21811D3DAC6E5 /* [CP] Check Pods Manifest.lock */,
				B90A8839247DD7D600B59892 /* Sources */,
				B90A883A247DD7D600B59892 /* Frameworks */,
				B90A883B247DD7D600B59892 /* Resources */,
				919116D505DE28C782300EDB /* [CP] Embed Pods Frameworks */,
			);
			buildRules = (
			);
			dependencies = (
			);
			name = iTask;
			packageProductDependencies = (
				A18260E624AE5BC60027C027 /* SwiftUIX */,
			);
			productName = iTask;
			productReference = B90A883D247DD7D600B59892 /* DoDay.app */;
			productType = "com.apple.product-type.application";
		};
/* End PBXNativeTarget section */

/* Begin PBXProject section */
		B90A8835247DD7D600B59892 /* Project object */ = {
			isa = PBXProject;
			attributes = {
				LastSwiftUpdateCheck = 1150;
				LastUpgradeCheck = 1150;
				ORGANIZATIONNAME = "Julian Hermanspahn";
				TargetAttributes = {
					B90A883C247DD7D600B59892 = {
						CreatedOnToolsVersion = 11.5;
					};
				};
			};
			buildConfigurationList = B90A8838247DD7D600B59892 /* Build configuration list for PBXProject "iTask" */;
			compatibilityVersion = "Xcode 9.3";
			developmentRegion = en;
			hasScannedForEncodings = 0;
			knownRegions = (
				en,
				Base,
			);
			mainGroup = B90A8834247DD7D600B59892;
			packageReferences = (
				A18260E524AE5BC60027C027 /* XCRemoteSwiftPackageReference "SwiftUIX" */,
			);
			productRefGroup = B90A883E247DD7D600B59892 /* Products */;
			projectDirPath = "";
			projectRoot = "";
			targets = (
				B90A883C247DD7D600B59892 /* iTask */,
			);
		};
/* End PBXProject section */

/* Begin PBXResourcesBuildPhase section */
		B90A883B247DD7D600B59892 /* Resources */ = {
			isa = PBXResourcesBuildPhase;
			buildActionMask = 2147483647;
			files = (
				B91275E024890AF200C5FF6F /* .gitignore in Resources */,
				B90A8850247DD7D800B59892 /* LaunchScreen.storyboard in Resources */,
				B975D09E24B4B50A00F7833F /* plop.mp3 in Resources */,
				B96E0B5724A9004D00FE93C7 /* GoogleService-Info.plist in Resources */,
				B90A884D247DD7D800B59892 /* Preview Assets.xcassets in Resources */,
				B90A884A247DD7D800B59892 /* Assets.xcassets in Resources */,
				A191207E24B1FFE300B8A073 /* applause.mp3 in Resources */,
			);
			runOnlyForDeploymentPostprocessing = 0;
		};
/* End PBXResourcesBuildPhase section */

/* Begin PBXShellScriptBuildPhase section */
		302BCD0EC0D21811D3DAC6E5 /* [CP] Check Pods Manifest.lock */ = {
			isa = PBXShellScriptBuildPhase;
			buildActionMask = 2147483647;
			files = (
			);
			inputFileListPaths = (
			);
			inputPaths = (
				"${PODS_PODFILE_DIR_PATH}/Podfile.lock",
				"${PODS_ROOT}/Manifest.lock",
			);
			name = "[CP] Check Pods Manifest.lock";
			outputFileListPaths = (
			);
			outputPaths = (
				"$(DERIVED_FILE_DIR)/Pods-iTask-checkManifestLockResult.txt",
			);
			runOnlyForDeploymentPostprocessing = 0;
			shellPath = /bin/sh;
			shellScript = "diff \"${PODS_PODFILE_DIR_PATH}/Podfile.lock\" \"${PODS_ROOT}/Manifest.lock\" > /dev/null\nif [ $? != 0 ] ; then\n    # print error to STDERR\n    echo \"error: The sandbox is not in sync with the Podfile.lock. Run 'pod install' or update your CocoaPods installation.\" >&2\n    exit 1\nfi\n# This output is used by Xcode 'outputs' to avoid re-running this script phase.\necho \"SUCCESS\" > \"${SCRIPT_OUTPUT_FILE_0}\"\n";
			showEnvVarsInLog = 0;
		};
		919116D505DE28C782300EDB /* [CP] Embed Pods Frameworks */ = {
			isa = PBXShellScriptBuildPhase;
			buildActionMask = 2147483647;
			files = (
			);
			inputFileListPaths = (
				"${PODS_ROOT}/Target Support Files/Pods-iTask/Pods-iTask-frameworks-${CONFIGURATION}-input-files.xcfilelist",
			);
			name = "[CP] Embed Pods Frameworks";
			outputFileListPaths = (
				"${PODS_ROOT}/Target Support Files/Pods-iTask/Pods-iTask-frameworks-${CONFIGURATION}-output-files.xcfilelist",
			);
			runOnlyForDeploymentPostprocessing = 0;
			shellPath = /bin/sh;
			shellScript = "\"${PODS_ROOT}/Target Support Files/Pods-iTask/Pods-iTask-frameworks.sh\"\n";
			showEnvVarsInLog = 0;
		};
/* End PBXShellScriptBuildPhase section */

/* Begin PBXSourcesBuildPhase section */
		B90A8839247DD7D600B59892 /* Sources */ = {
			isa = PBXSourcesBuildPhase;
			buildActionMask = 2147483647;
			files = (
				A145AEF1248144C9005047D4 /* AktuellSecondView.swift in Sources */,
				A191207C24B1FF9400B8A073 /* PlaySound.swift in Sources */,
				A191208724B20E1100B8A073 /* ParticlesEmitter.swift in Sources */,
				A145AEEF2481428D005047D4 /* AufgabeDetail.swift in Sources */,
				B9CC722C24AA386000608C07 /* GlobalFunctions.swift in Sources */,
				E9DA9B4A248F8CC900D5C0F8 /* FreundeHinzufuegenView.swift in Sources */,
				B9568C2D24892464005E6DD8 /* AufgabeModel.swift in Sources */,
				E9475409248038380039B853 /* HeuteView.swift in Sources */,
				E9DA9B44248BC79500D5C0F8 /* ImpressumWebview.swift in Sources */,
				B984C1712490046B00147A71 /* Register.swift in Sources */,
				E98953232483B754008093D0 /* Einstellungen.swift in Sources */,
				E9DA9B46248BC7A700D5C0F8 /* DatenschutzWebview.swift in Sources */,
				B9A720E8249C202C00488233 /* Loading.swift in Sources */,
				A191208324B20C9800B8A073 /* Confetti.swift in Sources */,
				B90A8846247DD7D600B59892 /* iTask.xcdatamodeld in Sources */,
				A145AEED24813C31005047D4 /* AktuellFirstView.swift in Sources */,
				A1108F4924913FAA00066826 /* NavigationConfigurator.swift in Sources */,
				E9DA9B48248BC7BE00D5C0F8 /* AufgabeEinreichenView.swift in Sources */,
				A1959E0E2483F21F00B6B12E /* Additives_diagramm.swift in Sources */,
				E947540F2480386F0039B853 /* EinstellungenView.swift in Sources */,
				B90A8841247DD7D600B59892 /* AppDelegate.swift in Sources */,
				E947540D248038610039B853 /* FreundeView.swift in Sources */,
				B90A8848247DD7D600B59892 /* ContentView.swift in Sources */,
				B9543EE52488FA49006F75BD /* FirebaseFunctions.swift in Sources */,
				B9543EE72488FA5B006F75BD /* CoreDataFunctions.swift in Sources */,
				E947540B2480384D0039B853 /* UebersichtView.swift in Sources */,
				B9543EEA2488FAE0006F75BD /* UserModel.swift in Sources */,
				B90A8843247DD7D600B59892 /* SceneDelegate.swift in Sources */,
			);
			runOnlyForDeploymentPostprocessing = 0;
		};
/* End PBXSourcesBuildPhase section */

/* Begin PBXVariantGroup section */
		B90A884E247DD7D800B59892 /* LaunchScreen.storyboard */ = {
			isa = PBXVariantGroup;
			children = (
				B90A884F247DD7D800B59892 /* Base */,
			);
			name = LaunchScreen.storyboard;
			sourceTree = "<group>";
		};
/* End PBXVariantGroup section */

/* Begin XCBuildConfiguration section */
		B90A8868247DD7D800B59892 /* Debug */ = {
			isa = XCBuildConfiguration;
			buildSettings = {
				ALWAYS_SEARCH_USER_PATHS = NO;
				CLANG_ANALYZER_NONNULL = YES;
				CLANG_ANALYZER_NUMBER_OBJECT_CONVERSION = YES_AGGRESSIVE;
				CLANG_CXX_LANGUAGE_STANDARD = "gnu++14";
				CLANG_CXX_LIBRARY = "libc++";
				CLANG_ENABLE_MODULES = YES;
				CLANG_ENABLE_OBJC_ARC = YES;
				CLANG_ENABLE_OBJC_WEAK = YES;
				CLANG_WARN_BLOCK_CAPTURE_AUTORELEASING = YES;
				CLANG_WARN_BOOL_CONVERSION = YES;
				CLANG_WARN_COMMA = YES;
				CLANG_WARN_CONSTANT_CONVERSION = YES;
				CLANG_WARN_DEPRECATED_OBJC_IMPLEMENTATIONS = YES;
				CLANG_WARN_DIRECT_OBJC_ISA_USAGE = YES_ERROR;
				CLANG_WARN_DOCUMENTATION_COMMENTS = YES;
				CLANG_WARN_EMPTY_BODY = YES;
				CLANG_WARN_ENUM_CONVERSION = YES;
				CLANG_WARN_INFINITE_RECURSION = YES;
				CLANG_WARN_INT_CONVERSION = YES;
				CLANG_WARN_NON_LITERAL_NULL_CONVERSION = YES;
				CLANG_WARN_OBJC_IMPLICIT_RETAIN_SELF = YES;
				CLANG_WARN_OBJC_LITERAL_CONVERSION = YES;
				CLANG_WARN_OBJC_ROOT_CLASS = YES_ERROR;
				CLANG_WARN_RANGE_LOOP_ANALYSIS = YES;
				CLANG_WARN_STRICT_PROTOTYPES = YES;
				CLANG_WARN_SUSPICIOUS_MOVE = YES;
				CLANG_WARN_UNGUARDED_AVAILABILITY = YES_AGGRESSIVE;
				CLANG_WARN_UNREACHABLE_CODE = YES;
				CLANG_WARN__DUPLICATE_METHOD_MATCH = YES;
				COPY_PHASE_STRIP = NO;
				DEBUG_INFORMATION_FORMAT = dwarf;
				ENABLE_STRICT_OBJC_MSGSEND = YES;
				ENABLE_TESTABILITY = YES;
				GCC_C_LANGUAGE_STANDARD = gnu11;
				GCC_DYNAMIC_NO_PIC = NO;
				GCC_NO_COMMON_BLOCKS = YES;
				GCC_OPTIMIZATION_LEVEL = 0;
				GCC_PREPROCESSOR_DEFINITIONS = (
					"DEBUG=1",
					"$(inherited)",
				);
				GCC_WARN_64_TO_32_BIT_CONVERSION = YES;
				GCC_WARN_ABOUT_RETURN_TYPE = YES_ERROR;
				GCC_WARN_UNDECLARED_SELECTOR = YES;
				GCC_WARN_UNINITIALIZED_AUTOS = YES_AGGRESSIVE;
				GCC_WARN_UNUSED_FUNCTION = YES;
				GCC_WARN_UNUSED_VARIABLE = YES;
				IPHONEOS_DEPLOYMENT_TARGET = 13.4;
				MTL_ENABLE_DEBUG_INFO = INCLUDE_SOURCE;
				MTL_FAST_MATH = YES;
				ONLY_ACTIVE_ARCH = YES;
				SDKROOT = iphoneos;
				SWIFT_ACTIVE_COMPILATION_CONDITIONS = DEBUG;
				SWIFT_OPTIMIZATION_LEVEL = "-Onone";
			};
			name = Debug;
		};
		B90A8869247DD7D800B59892 /* Release */ = {
			isa = XCBuildConfiguration;
			buildSettings = {
				ALWAYS_SEARCH_USER_PATHS = NO;
				CLANG_ANALYZER_NONNULL = YES;
				CLANG_ANALYZER_NUMBER_OBJECT_CONVERSION = YES_AGGRESSIVE;
				CLANG_CXX_LANGUAGE_STANDARD = "gnu++14";
				CLANG_CXX_LIBRARY = "libc++";
				CLANG_ENABLE_MODULES = YES;
				CLANG_ENABLE_OBJC_ARC = YES;
				CLANG_ENABLE_OBJC_WEAK = YES;
				CLANG_WARN_BLOCK_CAPTURE_AUTORELEASING = YES;
				CLANG_WARN_BOOL_CONVERSION = YES;
				CLANG_WARN_COMMA = YES;
				CLANG_WARN_CONSTANT_CONVERSION = YES;
				CLANG_WARN_DEPRECATED_OBJC_IMPLEMENTATIONS = YES;
				CLANG_WARN_DIRECT_OBJC_ISA_USAGE = YES_ERROR;
				CLANG_WARN_DOCUMENTATION_COMMENTS = YES;
				CLANG_WARN_EMPTY_BODY = YES;
				CLANG_WARN_ENUM_CONVERSION = YES;
				CLANG_WARN_INFINITE_RECURSION = YES;
				CLANG_WARN_INT_CONVERSION = YES;
				CLANG_WARN_NON_LITERAL_NULL_CONVERSION = YES;
				CLANG_WARN_OBJC_IMPLICIT_RETAIN_SELF = YES;
				CLANG_WARN_OBJC_LITERAL_CONVERSION = YES;
				CLANG_WARN_OBJC_ROOT_CLASS = YES_ERROR;
				CLANG_WARN_RANGE_LOOP_ANALYSIS = YES;
				CLANG_WARN_STRICT_PROTOTYPES = YES;
				CLANG_WARN_SUSPICIOUS_MOVE = YES;
				CLANG_WARN_UNGUARDED_AVAILABILITY = YES_AGGRESSIVE;
				CLANG_WARN_UNREACHABLE_CODE = YES;
				CLANG_WARN__DUPLICATE_METHOD_MATCH = YES;
				COPY_PHASE_STRIP = NO;
				DEBUG_INFORMATION_FORMAT = "dwarf-with-dsym";
				ENABLE_NS_ASSERTIONS = NO;
				ENABLE_STRICT_OBJC_MSGSEND = YES;
				GCC_C_LANGUAGE_STANDARD = gnu11;
				GCC_NO_COMMON_BLOCKS = YES;
				GCC_WARN_64_TO_32_BIT_CONVERSION = YES;
				GCC_WARN_ABOUT_RETURN_TYPE = YES_ERROR;
				GCC_WARN_UNDECLARED_SELECTOR = YES;
				GCC_WARN_UNINITIALIZED_AUTOS = YES_AGGRESSIVE;
				GCC_WARN_UNUSED_FUNCTION = YES;
				GCC_WARN_UNUSED_VARIABLE = YES;
				IPHONEOS_DEPLOYMENT_TARGET = 13.4;
				MTL_ENABLE_DEBUG_INFO = NO;
				MTL_FAST_MATH = YES;
				SDKROOT = iphoneos;
				SWIFT_COMPILATION_MODE = wholemodule;
				SWIFT_OPTIMIZATION_LEVEL = "-O";
				VALIDATE_PRODUCT = YES;
			};
			name = Release;
		};
		B90A886B247DD7D800B59892 /* Debug */ = {
			isa = XCBuildConfiguration;
			baseConfigurationReference = 039DB532E2CB9C2B302ABF6A /* Pods-iTask.debug.xcconfig */;
			buildSettings = {
				ASSETCATALOG_COMPILER_APPICON_NAME = AppIcon;
				CODE_SIGN_STYLE = Automatic;
				DEVELOPMENT_ASSET_PATHS = "\"iTask/Preview Content\"";
				DEVELOPMENT_TEAM = CCK3QY84MX;
				ENABLE_PREVIEWS = YES;
				INFOPLIST_FILE = iTask/Info.plist;
				IPHONEOS_DEPLOYMENT_TARGET = 13.0;
				LD_RUNPATH_SEARCH_PATHS = (
					"$(inherited)",
					"@executable_path/Frameworks",
				);
				PRODUCT_BUNDLE_IDENTIFIER = de.doday.app;
				PRODUCT_NAME = DoDay;
				SWIFT_VERSION = 5.0;
				TARGETED_DEVICE_FAMILY = 1;
			};
			name = Debug;
		};
		B90A886C247DD7D800B59892 /* Release */ = {
			isa = XCBuildConfiguration;
			baseConfigurationReference = 1471ECE6FBE9FFD546B40A2E /* Pods-iTask.release.xcconfig */;
			buildSettings = {
				ASSETCATALOG_COMPILER_APPICON_NAME = AppIcon;
				CODE_SIGN_STYLE = Automatic;
				DEVELOPMENT_ASSET_PATHS = "\"iTask/Preview Content\"";
				DEVELOPMENT_TEAM = CCK3QY84MX;
				ENABLE_PREVIEWS = YES;
				INFOPLIST_FILE = iTask/Info.plist;
				IPHONEOS_DEPLOYMENT_TARGET = 13.0;
				LD_RUNPATH_SEARCH_PATHS = (
					"$(inherited)",
					"@executable_path/Frameworks",
				);
				PRODUCT_BUNDLE_IDENTIFIER = de.doday.app;
				PRODUCT_NAME = DoDay;
				SWIFT_VERSION = 5.0;
				TARGETED_DEVICE_FAMILY = 1;
			};
			name = Release;
		};
/* End XCBuildConfiguration section */

/* Begin XCConfigurationList section */
		B90A8838247DD7D600B59892 /* Build configuration list for PBXProject "iTask" */ = {
			isa = XCConfigurationList;
			buildConfigurations = (
				B90A8868247DD7D800B59892 /* Debug */,
				B90A8869247DD7D800B59892 /* Release */,
			);
			defaultConfigurationIsVisible = 0;
			defaultConfigurationName = Release;
		};
		B90A886A247DD7D800B59892 /* Build configuration list for PBXNativeTarget "iTask" */ = {
			isa = XCConfigurationList;
			buildConfigurations = (
				B90A886B247DD7D800B59892 /* Debug */,
				B90A886C247DD7D800B59892 /* Release */,
			);
			defaultConfigurationIsVisible = 0;
			defaultConfigurationName = Release;
		};
/* End XCConfigurationList section */

/* Begin XCRemoteSwiftPackageReference section */
		A18260E524AE5BC60027C027 /* XCRemoteSwiftPackageReference "SwiftUIX" */ = {
			isa = XCRemoteSwiftPackageReference;
			repositoryURL = "https://github.com/SwiftUIX/SwiftUIX.git";
			requirement = {
				branch = master;
				kind = branch;
			};
		};
/* End XCRemoteSwiftPackageReference section */

/* Begin XCSwiftPackageProductDependency section */
		A18260E624AE5BC60027C027 /* SwiftUIX */ = {
			isa = XCSwiftPackageProductDependency;
			package = A18260E524AE5BC60027C027 /* XCRemoteSwiftPackageReference "SwiftUIX" */;
			productName = SwiftUIX;
		};
/* End XCSwiftPackageProductDependency section */

/* Begin XCVersionGroup section */
		B90A8844247DD7D600B59892 /* iTask.xcdatamodeld */ = {
			isa = XCVersionGroup;
			children = (
				B90A8845247DD7D600B59892 /* iTask.xcdatamodel */,
			);
			currentVersion = B90A8845247DD7D600B59892 /* iTask.xcdatamodel */;
			path = iTask.xcdatamodeld;
			sourceTree = "<group>";
			versionGroupType = wrapper.xcdatamodel;
		};
/* End XCVersionGroup section */
	};
	rootObject = B90A8835247DD7D600B59892 /* Project object */;
}
